
Microsoft Visual Studio Solution File, Format Version 12.00
# Visual Studio Version 16
VisualStudioVersion = 16.0.29911.84
MinimumVisualStudioVersion = 10.0.40219.1
Project("{FAE04EC0-301F-11D3-BF4B-00C04F79EFBC}") = "Empty.Web", "Empty.Web\Empty.Web.csproj", "{6F5C8E72-073A-481E-A7B2-A1A50B12E0AD}"
EndProject
Global
	GlobalSection(SolutionConfigurationPlatforms) = preSolution
		Debug|Any CPU = Debug|Any CPU
		Release|Any CPU = Release|Any CPU
	EndGlobalSection
	GlobalSection(ProjectConfigurationPlatforms) = postSolution
		{6F5C8E72-073A-481E-A7B2-A1A50B12E0AD}.Debug|Any CPU.ActiveCfg = Debug|Any CPU
		{6F5C8E72-073A-481E-A7B2-A1A50B12E0AD}.Debug|Any CPU.Build.0 = Debug|Any CPU
		{6F5C8E72-073A-481E-A7B2-A1A50B12E0AD}.Release|Any CPU.ActiveCfg = Release|Any CPU
		{6F5C8E72-073A-481E-A7B2-A1A50B12E0AD}.Release|Any CPU.Build.0 = Release|Any CPU
	EndGlobalSection
	GlobalSection(SolutionProperties) = preSolution
		HideSolutionNode = FALSE
	EndGlobalSection
	GlobalSection(ExtensibilityGlobals) = postSolution
		SolutionGuid = {BD781599-71E5-47AF-92E8-ACD2A13C5E76}
	EndGlobalSection
EndGlobal
